
Microsoft Visual Studio Solution File, Format Version 12.00
# Visual Studio Version 17
VisualStudioVersion = 17.1.32210.238
MinimumVisualStudioVersion = 10.0.40219.1
Project("{FAE04EC0-301F-11D3-BF4B-00C04F79EFBC}") = "Pattern_1-Стратегия", "Pattern_1-Стратегия\Pattern_1-Стратегия.csproj", "{9976C22F-4293-40CE-8E2E-F6C56D096164}"
EndProject
Global
	GlobalSection(SolutionConfigurationPlatforms) = preSolution
		Debug|Any CPU = Debug|Any CPU
		Release|Any CPU = Release|Any CPU
	EndGlobalSection
	GlobalSection(ProjectConfigurationPlatforms) = postSolution
		{9976C22F-4293-40CE-8E2E-F6C56D096164}.Debug|Any CPU.ActiveCfg = Debug|Any CPU
		{9976C22F-4293-40CE-8E2E-F6C56D096164}.Debug|Any CPU.Build.0 = Debug|Any CPU
		{9976C22F-4293-40CE-8E2E-F6C56D096164}.Release|Any CPU.ActiveCfg = Release|Any CPU
		{9976C22F-4293-40CE-8E2E-F6C56D096164}.Release|Any CPU.Build.0 = Release|Any CPU
	EndGlobalSection
	GlobalSection(SolutionProperties) = preSolution
		HideSolutionNode = FALSE
	EndGlobalSection
	GlobalSection(ExtensibilityGlobals) = postSolution
		SolutionGuid = {7EAC518E-F875-4F24-AB38-B1F72CB23C93}
	EndGlobalSection
EndGlobal
